
Microsoft Visual Studio Solution File, Format Version 12.00
# Visual Studio Version 17
VisualStudioVersion = 17.9.34701.34
MinimumVisualStudioVersion = 10.0.40219.1
Project("{2150E333-8FDC-42A3-9474-1A3956D46DE8}") = "Services", "Services", "{C31C1EBD-31CA-4E11-8194-7BCB52BC5346}"
EndProject
Project("{2150E333-8FDC-42A3-9474-1A3956D46DE8}") = "Catalog", "Catalog", "{6F5D7D18-9413-4D2D-8BE3-7DAE2CEDEE9D}"
EndProject
Project("{9A19103F-16F7-4668-BE54-9A1E7A4F7556}") = "MultiShop.Catalog", "Services\Catalog\MultiShop.Catalog\MultiShop.Catalog.csproj", "{A69CA33B-448A-41E2-B9D2-9CF600114BC7}"
EndProject
Project("{2150E333-8FDC-42A3-9474-1A3956D46DE8}") = "Discount", "Discount", "{C7F340AE-2F8D-4212-B8E9-5DF09003596F}"
EndProject
Project("{9A19103F-16F7-4668-BE54-9A1E7A4F7556}") = "MultiShop.Discount", "Services\Discount\MultiShop.Discount\MultiShop.Discount.csproj", "{5BEEAA4D-2E0D-4388-97C5-7B378EEC4FF1}"
EndProject
Project("{2150E333-8FDC-42A3-9474-1A3956D46DE8}") = "Order", "Order", "{291C47CF-8B7F-414B-86A5-9213CF2A1FA4}"
EndProject
Project("{2150E333-8FDC-42A3-9474-1A3956D46DE8}") = "Core", "Core", "{D28F53B1-F6FB-4696-A074-0CEC3B8AA7E7}"
EndProject
Project("{2150E333-8FDC-42A3-9474-1A3956D46DE8}") = "Infrastructure", "Infrastructure", "{F1CDB273-14DC-45A1-8E8A-4E4BFAD78B2A}"
EndProject
Project("{2150E333-8FDC-42A3-9474-1A3956D46DE8}") = "Presentation", "Presentation", "{FB57CF1C-0EBF-4434-8F68-BEA2F314ED32}"
EndProject
Project("{FAE04EC0-301F-11D3-BF4B-00C04F79EFBC}") = "MultiShop.Order.Domain", "Services\Order\Core\MultiShop.Order.Domain\MultiShop.Order.Domain.csproj", "{3CDC22AA-F28E-416B-91B6-4E24BD94B820}"
EndProject
Project("{FAE04EC0-301F-11D3-BF4B-00C04F79EFBC}") = "MultiShop.Order.Application", "Services\Order\Core\MultiShop.Order.Application\MultiShop.Order.Application.csproj", "{79693517-45D3-405E-8FDE-DDA3F6DC935E}"
EndProject
Project("{FAE04EC0-301F-11D3-BF4B-00C04F79EFBC}") = "MultiShop.Order.Persistence", "Services\Order\Infrastructure\MultiShop.Order.Persistence\MultiShop.Order.Persistence.csproj", "{8D8BBE4B-096A-4C1B-B160-600AC470C236}"
EndProject
Project("{FAE04EC0-301F-11D3-BF4B-00C04F79EFBC}") = "MultiShop.Order.WebApi", "Services\Order\Presentation\MultiShop.Order.WebApi\MultiShop.Order.WebApi.csproj", "{13B0D52A-AA99-4C59-AF8B-0D2944E6579F}"
EndProject
Global
	GlobalSection(SolutionConfigurationPlatforms) = preSolution
		Debug|Any CPU = Debug|Any CPU
		Release|Any CPU = Release|Any CPU
	EndGlobalSection
	GlobalSection(ProjectConfigurationPlatforms) = postSolution
		{A69CA33B-448A-41E2-B9D2-9CF600114BC7}.Debug|Any CPU.ActiveCfg = Debug|Any CPU
		{A69CA33B-448A-41E2-B9D2-9CF600114BC7}.Debug|Any CPU.Build.0 = Debug|Any CPU
		{A69CA33B-448A-41E2-B9D2-9CF600114BC7}.Release|Any CPU.ActiveCfg = Release|Any CPU
		{A69CA33B-448A-41E2-B9D2-9CF600114BC7}.Release|Any CPU.Build.0 = Release|Any CPU
		{5BEEAA4D-2E0D-4388-97C5-7B378EEC4FF1}.Debug|Any CPU.ActiveCfg = Debug|Any CPU
		{5BEEAA4D-2E0D-4388-97C5-7B378EEC4FF1}.Debug|Any CPU.Build.0 = Debug|Any CPU
		{5BEEAA4D-2E0D-4388-97C5-7B378EEC4FF1}.Release|Any CPU.ActiveCfg = Release|Any CPU
		{5BEEAA4D-2E0D-4388-97C5-7B378EEC4FF1}.Release|Any CPU.Build.0 = Release|Any CPU
		{3CDC22AA-F28E-416B-91B6-4E24BD94B820}.Debug|Any CPU.ActiveCfg = Debug|Any CPU
		{3CDC22AA-F28E-416B-91B6-4E24BD94B820}.Debug|Any CPU.Build.0 = Debug|Any CPU
		{3CDC22AA-F28E-416B-91B6-4E24BD94B820}.Release|Any CPU.ActiveCfg = Release|Any CPU
		{3CDC22AA-F28E-416B-91B6-4E24BD94B820}.Release|Any CPU.Build.0 = Release|Any CPU
		{79693517-45D3-405E-8FDE-DDA3F6DC935E}.Debug|Any CPU.ActiveCfg = Debug|Any CPU
		{79693517-45D3-405E-8FDE-DDA3F6DC935E}.Debug|Any CPU.Build.0 = Debug|Any CPU
		{79693517-45D3-405E-8FDE-DDA3F6DC935E}.Release|Any CPU.ActiveCfg = Release|Any CPU
		{79693517-45D3-405E-8FDE-DDA3F6DC935E}.Release|Any CPU.Build.0 = Release|Any CPU
		{8D8BBE4B-096A-4C1B-B160-600AC470C236}.Debug|Any CPU.ActiveCfg = Debug|Any CPU
		{8D8BBE4B-096A-4C1B-B160-600AC470C236}.Debug|Any CPU.Build.0 = Debug|Any CPU
		{8D8BBE4B-096A-4C1B-B160-600AC470C236}.Release|Any CPU.ActiveCfg = Release|Any CPU
		{8D8BBE4B-096A-4C1B-B160-600AC470C236}.Release|Any CPU.Build.0 = Release|Any CPU
		{13B0D52A-AA99-4C59-AF8B-0D2944E6579F}.Debug|Any CPU.ActiveCfg = Debug|Any CPU
		{13B0D52A-AA99-4C59-AF8B-0D2944E6579F}.Debug|Any CPU.Build.0 = Debug|Any CPU
		{13B0D52A-AA99-4C59-AF8B-0D2944E6579F}.Release|Any CPU.ActiveCfg = Release|Any CPU
		{13B0D52A-AA99-4C59-AF8B-0D2944E6579F}.Release|Any CPU.Build.0 = Release|Any CPU
	EndGlobalSection
	GlobalSection(SolutionProperties) = preSolution
		HideSolutionNode = FALSE
	EndGlobalSection
	GlobalSection(NestedProjects) = preSolution
		{6F5D7D18-9413-4D2D-8BE3-7DAE2CEDEE9D} = {C31C1EBD-31CA-4E11-8194-7BCB52BC5346}
		{A69CA33B-448A-41E2-B9D2-9CF600114BC7} = {6F5D7D18-9413-4D2D-8BE3-7DAE2CEDEE9D}
		{C7F340AE-2F8D-4212-B8E9-5DF09003596F} = {C31C1EBD-31CA-4E11-8194-7BCB52BC5346}
		{5BEEAA4D-2E0D-4388-97C5-7B378EEC4FF1} = {C7F340AE-2F8D-4212-B8E9-5DF09003596F}
		{291C47CF-8B7F-414B-86A5-9213CF2A1FA4} = {C31C1EBD-31CA-4E11-8194-7BCB52BC5346}
		{D28F53B1-F6FB-4696-A074-0CEC3B8AA7E7} = {291C47CF-8B7F-414B-86A5-9213CF2A1FA4}
		{F1CDB273-14DC-45A1-8E8A-4E4BFAD78B2A} = {291C47CF-8B7F-414B-86A5-9213CF2A1FA4}
		{FB57CF1C-0EBF-4434-8F68-BEA2F314ED32} = {291C47CF-8B7F-414B-86A5-9213CF2A1FA4}
		{3CDC22AA-F28E-416B-91B6-4E24BD94B820} = {D28F53B1-F6FB-4696-A074-0CEC3B8AA7E7}
		{79693517-45D3-405E-8FDE-DDA3F6DC935E} = {D28F53B1-F6FB-4696-A074-0CEC3B8AA7E7}
		{8D8BBE4B-096A-4C1B-B160-600AC470C236} = {F1CDB273-14DC-45A1-8E8A-4E4BFAD78B2A}
		{13B0D52A-AA99-4C59-AF8B-0D2944E6579F} = {FB57CF1C-0EBF-4434-8F68-BEA2F314ED32}
	EndGlobalSection
	GlobalSection(ExtensibilityGlobals) = postSolution
		SolutionGuid = {CEEF5F32-0779-4B19-9CC4-A21DB9127A4B}
	EndGlobalSection
EndGlobal
